
Microsoft Visual Studio Solution File, Format Version 12.00
# Visual Studio Version 17
VisualStudioVersion = 17.13.35825.156 d17.13
MinimumVisualStudioVersion = 10.0.40219.1
Project("{FAE04EC0-301F-11D3-BF4B-00C04F79EFBC}") = "EventManagementAPI", "EventManagementAPI.csproj", "{C410E8CA-E8A6-48B7-8F3F-9E96F142E248}"
EndProject
Global
	GlobalSection(SolutionConfigurationPlatforms) = preSolution
		Debug|Any CPU = Debug|Any CPU
		Release|Any CPU = Release|Any CPU
	EndGlobalSection
	GlobalSection(ProjectConfigurationPlatforms) = postSolution
		{C410E8CA-E8A6-48B7-8F3F-9E96F142E248}.Debug|Any CPU.ActiveCfg = Debug|Any CPU
		{C410E8CA-E8A6-48B7-8F3F-9E96F142E248}.Debug|Any CPU.Build.0 = Debug|Any CPU
		{C410E8CA-E8A6-48B7-8F3F-9E96F142E248}.Release|Any CPU.ActiveCfg = Release|Any CPU
		{C410E8CA-E8A6-48B7-8F3F-9E96F142E248}.Release|Any CPU.Build.0 = Release|Any CPU
	EndGlobalSection
	GlobalSection(SolutionProperties) = preSolution
		HideSolutionNode = FALSE
	EndGlobalSection
	GlobalSection(ExtensibilityGlobals) = postSolution
		SolutionGuid = {07D27445-FF7D-409D-AA82-9DE433B2655B}
	EndGlobalSection
EndGlobal
